
Microsoft Visual Studio Solution File, Format Version 12.00
# Visual Studio Version 17
VisualStudioVersion = 17.9.34616.47
MinimumVisualStudioVersion = 10.0.40219.1
Project("{FAE04EC0-301F-11D3-BF4B-00C04F79EFBC}") = "Example", "Example\Example.csproj", "{B0D79C37-6327-45A0-97F9-1B5737D91449}"
EndProject
Global
	GlobalSection(SolutionConfigurationPlatforms) = preSolution
		Debug|Any CPU = Debug|Any CPU
		Release|Any CPU = Release|Any CPU
	EndGlobalSection
	GlobalSection(ProjectConfigurationPlatforms) = postSolution
		{B0D79C37-6327-45A0-97F9-1B5737D91449}.Debug|Any CPU.ActiveCfg = Debug|Any CPU
		{B0D79C37-6327-45A0-97F9-1B5737D91449}.Debug|Any CPU.Build.0 = Debug|Any CPU
		{B0D79C37-6327-45A0-97F9-1B5737D91449}.Release|Any CPU.ActiveCfg = Release|Any CPU
		{B0D79C37-6327-45A0-97F9-1B5737D91449}.Release|Any CPU.Build.0 = Release|Any CPU
	EndGlobalSection
	GlobalSection(SolutionProperties) = preSolution
		HideSolutionNode = FALSE
	EndGlobalSection
	GlobalSection(ExtensibilityGlobals) = postSolution
		SolutionGuid = {EF6BD8C8-FA9F-403D-8D58-BACA027D9746}
	EndGlobalSection
EndGlobal
